
Microsoft Visual Studio Solution File, Format Version 12.00
# Visual Studio Version 16
VisualStudioVersion = 16.0.29519.181
MinimumVisualStudioVersion = 10.0.40219.1
Project("{9A19103F-16F7-4668-BE54-9A1E7A4F7556}") = "BillBuilder", "CURD\BillBuilder.csproj", "{D4B9C7BA-8656-4D95-92DE-753C7D639915}"
EndProject
Global
	GlobalSection(SolutionConfigurationPlatforms) = preSolution
		Debug|Any CPU = Debug|Any CPU
		Release|Any CPU = Release|Any CPU
	EndGlobalSection
	GlobalSection(ProjectConfigurationPlatforms) = postSolution
		{D4B9C7BA-8656-4D95-92DE-753C7D639915}.Debug|Any CPU.ActiveCfg = Debug|Any CPU
		{D4B9C7BA-8656-4D95-92DE-753C7D639915}.Debug|Any CPU.Build.0 = Debug|Any CPU
		{D4B9C7BA-8656-4D95-92DE-753C7D639915}.Release|Any CPU.ActiveCfg = Release|Any CPU
		{D4B9C7BA-8656-4D95-92DE-753C7D639915}.Release|Any CPU.Build.0 = Release|Any CPU
	EndGlobalSection
	GlobalSection(SolutionProperties) = preSolution
		HideSolutionNode = FALSE
	EndGlobalSection
	GlobalSection(ExtensibilityGlobals) = postSolution
		SolutionGuid = {DC7D8358-A645-4AAE-921C-91D1127A0FE2}
	EndGlobalSection
EndGlobal
